
Microsoft Visual Studio Solution File, Format Version 12.00
# Visual Studio Version 17
VisualStudioVersion = 17.5.002.0
MinimumVisualStudioVersion = 10.0.40219.1
Project("{2150E333-8FDC-42A3-9474-1A3956D46DE8}") = "csharp-prep", "csharp-prep", "{4B1C67D0-69A9-421E-9F11-D8792CAD7A2D}"
EndProject
Project("{9A19103F-16F7-4668-BE54-9A1E7A4F7556}") = "Prep1", "csharp-prep\Prep1\Prep1.csproj", "{516240EB-8C04-46C7-A84A-0B06D756C8A8}"
EndProject
Project("{9A19103F-16F7-4668-BE54-9A1E7A4F7556}") = "Prep2", "csharp-prep\Prep2\Prep2.csproj", "{ED999C0B-761E-4D21-976D-8B7C5D852DF3}"
EndProject
Project("{9A19103F-16F7-4668-BE54-9A1E7A4F7556}") = "Prep3", "csharp-prep\Prep3\Prep3.csproj", "{B0DBA157-E01D-4501-B308-0A48977F9638}"
EndProject
Project("{9A19103F-16F7-4668-BE54-9A1E7A4F7556}") = "Prep4", "csharp-prep\Prep4\Prep4.csproj", "{90305EB6-E90E-4EA1-8171-E1426F0071E3}"
EndProject
Project("{9A19103F-16F7-4668-BE54-9A1E7A4F7556}") = "Prep5", "csharp-prep\Prep5\Prep5.csproj", "{C0EFE6D2-6B07-4980-99D1-7A9A08CB8CC0}"
EndProject
Project("{2150E333-8FDC-42A3-9474-1A3956D46DE8}") = "final", "final", "{B101FC83-0490-4B46-BAFD-14C45D6E77CC}"
EndProject
Project("{9A19103F-16F7-4668-BE54-9A1E7A4F7556}") = "FinalProject", "final\FinalProject\FinalProject.csproj", "{BA312C76-3462-4630-9AC6-942A59E8C2CD}"
EndProject
Project("{9A19103F-16F7-4668-BE54-9A1E7A4F7556}") = "Foundation1", "final\Foundation1\Foundation1.csproj", "{12512CDA-D4A9-4ACB-89C4-08DE2EC2CCFC}"
EndProject
Project("{9A19103F-16F7-4668-BE54-9A1E7A4F7556}") = "Foundation2", "final\Foundation2\Foundation2.csproj", "{5F9F5899-7EB1-42B7-90EA-93A2A5BC98FC}"
EndProject
Project("{9A19103F-16F7-4668-BE54-9A1E7A4F7556}") = "Foundation3", "final\Foundation3\Foundation3.csproj", "{6C0B23CD-3A10-4B0D-9148-FC95A90A75F7}"
EndProject
Project("{9A19103F-16F7-4668-BE54-9A1E7A4F7556}") = "Foundation4", "final\Foundation4\Foundation4.csproj", "{B82CF65B-48EC-498A-8E5A-971585BE6BA5}"
EndProject
Project("{2150E333-8FDC-42A3-9474-1A3956D46DE8}") = "prepare", "prepare", "{3DD9641A-8999-4363-9288-BC1DE735B8AE}"
EndProject
Project("{9A19103F-16F7-4668-BE54-9A1E7A4F7556}") = "Learning02", "prepare\Learning02\Learning02.csproj", "{0A66E772-2932-447F-B95A-3B159F8BF0D5}"
EndProject
Project("{9A19103F-16F7-4668-BE54-9A1E7A4F7556}") = "Learning03", "prepare\Learning03\Learning03.csproj", "{911801AF-0ADB-4F67-AEEE-D805BDAEF99E}"
EndProject
Project("{9A19103F-16F7-4668-BE54-9A1E7A4F7556}") = "Learning04", "prepare\Learning04\Learning04.csproj", "{95414E41-3D41-4D92-999B-9087386CEECC}"
EndProject
Project("{9A19103F-16F7-4668-BE54-9A1E7A4F7556}") = "Learning05", "prepare\Learning05\Learning05.csproj", "{74CFAE87-0F1E-4A22-8E9D-FD8F01A7156F}"
EndProject
Project("{2150E333-8FDC-42A3-9474-1A3956D46DE8}") = "prove", "prove", "{A86C0ECD-A58A-4F0D-9B78-FB3FAA6C04D8}"
EndProject
Project("{9A19103F-16F7-4668-BE54-9A1E7A4F7556}") = "Develop02", "prove\Develop02\Develop02.csproj", "{3D83CB87-3C5C-43AA-9A28-25CB33B278D3}"
EndProject
Project("{9A19103F-16F7-4668-BE54-9A1E7A4F7556}") = "Develop03", "prove\Develop03\Develop03.csproj", "{28367E0B-E606-4ABD-8019-05B19002A0D9}"
EndProject
Project("{9A19103F-16F7-4668-BE54-9A1E7A4F7556}") = "Develop04", "prove\Develop04\Develop04.csproj", "{0D32ECFC-F347-4D53-8715-8A18025210D7}"
EndProject
Project("{9A19103F-16F7-4668-BE54-9A1E7A4F7556}") = "Develop05", "prove\Develop05\Develop05.csproj", "{CBBE5F39-DFD4-462E-85D0-49BB941D9020}"
EndProject
Project("{2150E333-8FDC-42A3-9474-1A3956D46DE8}") = "sandbox", "sandbox", "{AFEFC25D-9A3F-4CE2-A40A-D6E5F0F62371}"
EndProject
Project("{9A19103F-16F7-4668-BE54-9A1E7A4F7556}") = "Sandbox", "sandbox\Sandbox\Sandbox.csproj", "{DEFDFF44-4B30-4ECC-81C9-E91E7B2171EF}"
EndProject
Global
	GlobalSection(SolutionConfigurationPlatforms) = preSolution
		Debug|Any CPU = Debug|Any CPU
		Release|Any CPU = Release|Any CPU
	EndGlobalSection
	GlobalSection(ProjectConfigurationPlatforms) = postSolution
		{516240EB-8C04-46C7-A84A-0B06D756C8A8}.Debug|Any CPU.ActiveCfg = Debug|Any CPU
		{516240EB-8C04-46C7-A84A-0B06D756C8A8}.Debug|Any CPU.Build.0 = Debug|Any CPU
		{516240EB-8C04-46C7-A84A-0B06D756C8A8}.Release|Any CPU.ActiveCfg = Release|Any CPU
		{516240EB-8C04-46C7-A84A-0B06D756C8A8}.Release|Any CPU.Build.0 = Release|Any CPU
		{ED999C0B-761E-4D21-976D-8B7C5D852DF3}.Debug|Any CPU.ActiveCfg = Debug|Any CPU
		{ED999C0B-761E-4D21-976D-8B7C5D852DF3}.Debug|Any CPU.Build.0 = Debug|Any CPU
		{ED999C0B-761E-4D21-976D-8B7C5D852DF3}.Release|Any CPU.ActiveCfg = Release|Any CPU
		{ED999C0B-761E-4D21-976D-8B7C5D852DF3}.Release|Any CPU.Build.0 = Release|Any CPU
		{B0DBA157-E01D-4501-B308-0A48977F9638}.Debug|Any CPU.ActiveCfg = Debug|Any CPU
		{B0DBA157-E01D-4501-B308-0A48977F9638}.Debug|Any CPU.Build.0 = Debug|Any CPU
		{B0DBA157-E01D-4501-B308-0A48977F9638}.Release|Any CPU.ActiveCfg = Release|Any CPU
		{B0DBA157-E01D-4501-B308-0A48977F9638}.Release|Any CPU.Build.0 = Release|Any CPU
		{90305EB6-E90E-4EA1-8171-E1426F0071E3}.Debug|Any CPU.ActiveCfg = Debug|Any CPU
		{90305EB6-E90E-4EA1-8171-E1426F0071E3}.Debug|Any CPU.Build.0 = Debug|Any CPU
		{90305EB6-E90E-4EA1-8171-E1426F0071E3}.Release|Any CPU.ActiveCfg = Release|Any CPU
		{90305EB6-E90E-4EA1-8171-E1426F0071E3}.Release|Any CPU.Build.0 = Release|Any CPU
		{C0EFE6D2-6B07-4980-99D1-7A9A08CB8CC0}.Debug|Any CPU.ActiveCfg = Debug|Any CPU
		{C0EFE6D2-6B07-4980-99D1-7A9A08CB8CC0}.Debug|Any CPU.Build.0 = Debug|Any CPU
		{C0EFE6D2-6B07-4980-99D1-7A9A08CB8CC0}.Release|Any CPU.ActiveCfg = Release|Any CPU
		{C0EFE6D2-6B07-4980-99D1-7A9A08CB8CC0}.Release|Any CPU.Build.0 = Release|Any CPU
		{BA312C76-3462-4630-9AC6-942A59E8C2CD}.Debug|Any CPU.ActiveCfg = Debug|Any CPU
		{BA312C76-3462-4630-9AC6-942A59E8C2CD}.Debug|Any CPU.Build.0 = Debug|Any CPU
		{BA312C76-3462-4630-9AC6-942A59E8C2CD}.Release|Any CPU.ActiveCfg = Release|Any CPU
		{BA312C76-3462-4630-9AC6-942A59E8C2CD}.Release|Any CPU.Build.0 = Release|Any CPU
		{12512CDA-D4A9-4ACB-89C4-08DE2EC2CCFC}.Debug|Any CPU.ActiveCfg = Debug|Any CPU
		{12512CDA-D4A9-4ACB-89C4-08DE2EC2CCFC}.Debug|Any CPU.Build.0 = Debug|Any CPU
		{12512CDA-D4A9-4ACB-89C4-08DE2EC2CCFC}.Release|Any CPU.ActiveCfg = Release|Any CPU
		{12512CDA-D4A9-4ACB-89C4-08DE2EC2CCFC}.Release|Any CPU.Build.0 = Release|Any CPU
		{5F9F5899-7EB1-42B7-90EA-93A2A5BC98FC}.Debug|Any CPU.ActiveCfg = Debug|Any CPU
		{5F9F5899-7EB1-42B7-90EA-93A2A5BC98FC}.Debug|Any CPU.Build.0 = Debug|Any CPU
		{5F9F5899-7EB1-42B7-90EA-93A2A5BC98FC}.Release|Any CPU.ActiveCfg = Release|Any CPU
		{5F9F5899-7EB1-42B7-90EA-93A2A5BC98FC}.Release|Any CPU.Build.0 = Release|Any CPU
		{6C0B23CD-3A10-4B0D-9148-FC95A90A75F7}.Debug|Any CPU.ActiveCfg = Debug|Any CPU
		{6C0B23CD-3A10-4B0D-9148-FC95A90A75F7}.Debug|Any CPU.Build.0 = Debug|Any CPU
		{6C0B23CD-3A10-4B0D-9148-FC95A90A75F7}.Release|Any CPU.ActiveCfg = Release|Any CPU
		{6C0B23CD-3A10-4B0D-9148-FC95A90A75F7}.Release|Any CPU.Build.0 = Release|Any CPU
		{B82CF65B-48EC-498A-8E5A-971585BE6BA5}.Debug|Any CPU.ActiveCfg = Debug|Any CPU
		{B82CF65B-48EC-498A-8E5A-971585BE6BA5}.Debug|Any CPU.Build.0 = Debug|Any CPU
		{B82CF65B-48EC-498A-8E5A-971585BE6BA5}.Release|Any CPU.ActiveCfg = Release|Any CPU
		{B82CF65B-48EC-498A-8E5A-971585BE6BA5}.Release|Any CPU.Build.0 = Release|Any CPU
		{0A66E772-2932-447F-B95A-3B159F8BF0D5}.Debug|Any CPU.ActiveCfg = Debug|Any CPU
		{0A66E772-2932-447F-B95A-3B159F8BF0D5}.Debug|Any CPU.Build.0 = Debug|Any CPU
		{0A66E772-2932-447F-B95A-3B159F8BF0D5}.Release|Any CPU.ActiveCfg = Release|Any CPU
		{0A66E772-2932-447F-B95A-3B159F8BF0D5}.Release|Any CPU.Build.0 = Release|Any CPU
		{911801AF-0ADB-4F67-AEEE-D805BDAEF99E}.Debug|Any CPU.ActiveCfg = Debug|Any CPU
		{911801AF-0ADB-4F67-AEEE-D805BDAEF99E}.Debug|Any CPU.Build.0 = Debug|Any CPU
		{911801AF-0ADB-4F67-AEEE-D805BDAEF99E}.Release|Any CPU.ActiveCfg = Release|Any CPU
		{911801AF-0ADB-4F67-AEEE-D805BDAEF99E}.Release|Any CPU.Build.0 = Release|Any CPU
		{95414E41-3D41-4D92-999B-9087386CEECC}.Debug|Any CPU.ActiveCfg = Debug|Any CPU
		{95414E41-3D41-4D92-999B-9087386CEECC}.Debug|Any CPU.Build.0 = Debug|Any CPU
		{95414E41-3D41-4D92-999B-9087386CEECC}.Release|Any CPU.ActiveCfg = Release|Any CPU
		{95414E41-3D41-4D92-999B-9087386CEECC}.Release|Any CPU.Build.0 = Release|Any CPU
		{74CFAE87-0F1E-4A22-8E9D-FD8F01A7156F}.Debug|Any CPU.ActiveCfg = Debug|Any CPU
		{74CFAE87-0F1E-4A22-8E9D-FD8F01A7156F}.Debug|Any CPU.Build.0 = Debug|Any CPU
		{74CFAE87-0F1E-4A22-8E9D-FD8F01A7156F}.Release|Any CPU.ActiveCfg = Release|Any CPU
		{74CFAE87-0F1E-4A22-8E9D-FD8F01A7156F}.Release|Any CPU.Build.0 = Release|Any CPU
		{3D83CB87-3C5C-43AA-9A28-25CB33B278D3}.Debug|Any CPU.ActiveCfg = Debug|Any CPU
		{3D83CB87-3C5C-43AA-9A28-25CB33B278D3}.Debug|Any CPU.Build.0 = Debug|Any CPU
		{3D83CB87-3C5C-43AA-9A28-25CB33B278D3}.Release|Any CPU.ActiveCfg = Release|Any CPU
		{3D83CB87-3C5C-43AA-9A28-25CB33B278D3}.Release|Any CPU.Build.0 = Release|Any CPU
		{28367E0B-E606-4ABD-8019-05B19002A0D9}.Debug|Any CPU.ActiveCfg = Debug|Any CPU
		{28367E0B-E606-4ABD-8019-05B19002A0D9}.Debug|Any CPU.Build.0 = Debug|Any CPU
		{28367E0B-E606-4ABD-8019-05B19002A0D9}.Release|Any CPU.ActiveCfg = Release|Any CPU
		{28367E0B-E606-4ABD-8019-05B19002A0D9}.Release|Any CPU.Build.0 = Release|Any CPU
		{0D32ECFC-F347-4D53-8715-8A18025210D7}.Debug|Any CPU.ActiveCfg = Debug|Any CPU
		{0D32ECFC-F347-4D53-8715-8A18025210D7}.Debug|Any CPU.Build.0 = Debug|Any CPU
		{0D32ECFC-F347-4D53-8715-8A18025210D7}.Release|Any CPU.ActiveCfg = Release|Any CPU
		{0D32ECFC-F347-4D53-8715-8A18025210D7}.Release|Any CPU.Build.0 = Release|Any CPU
		{CBBE5F39-DFD4-462E-85D0-49BB941D9020}.Debug|Any CPU.ActiveCfg = Debug|Any CPU
		{CBBE5F39-DFD4-462E-85D0-49BB941D9020}.Debug|Any CPU.Build.0 = Debug|Any CPU
		{CBBE5F39-DFD4-462E-85D0-49BB941D9020}.Release|Any CPU.ActiveCfg = Release|Any CPU
		{CBBE5F39-DFD4-462E-85D0-49BB941D9020}.Release|Any CPU.Build.0 = Release|Any CPU
		{DEFDFF44-4B30-4ECC-81C9-E91E7B2171EF}.Debug|Any CPU.ActiveCfg = Debug|Any CPU
		{DEFDFF44-4B30-4ECC-81C9-E91E7B2171EF}.Debug|Any CPU.Build.0 = Debug|Any CPU
		{DEFDFF44-4B30-4ECC-81C9-E91E7B2171EF}.Release|Any CPU.ActiveCfg = Release|Any CPU
		{DEFDFF44-4B30-4ECC-81C9-E91E7B2171EF}.Release|Any CPU.Build.0 = Release|Any CPU
	EndGlobalSection
	GlobalSection(SolutionProperties) = preSolution
		HideSolutionNode = FALSE
	EndGlobalSection
	GlobalSection(NestedProjects) = preSolution
		{516240EB-8C04-46C7-A84A-0B06D756C8A8} = {4B1C67D0-69A9-421E-9F11-D8792CAD7A2D}
		{ED999C0B-761E-4D21-976D-8B7C5D852DF3} = {4B1C67D0-69A9-421E-9F11-D8792CAD7A2D}
		{B0DBA157-E01D-4501-B308-0A48977F9638} = {4B1C67D0-69A9-421E-9F11-D8792CAD7A2D}
		{90305EB6-E90E-4EA1-8171-E1426F0071E3} = {4B1C67D0-69A9-421E-9F11-D8792CAD7A2D}
		{C0EFE6D2-6B07-4980-99D1-7A9A08CB8CC0} = {4B1C67D0-69A9-421E-9F11-D8792CAD7A2D}
		{BA312C76-3462-4630-9AC6-942A59E8C2CD} = {B101FC83-0490-4B46-BAFD-14C45D6E77CC}
		{12512CDA-D4A9-4ACB-89C4-08DE2EC2CCFC} = {B101FC83-0490-4B46-BAFD-14C45D6E77CC}
		{5F9F5899-7EB1-42B7-90EA-93A2A5BC98FC} = {B101FC83-0490-4B46-BAFD-14C45D6E77CC}
		{6C0B23CD-3A10-4B0D-9148-FC95A90A75F7} = {B101FC83-0490-4B46-BAFD-14C45D6E77CC}
		{B82CF65B-48EC-498A-8E5A-971585BE6BA5} = {B101FC83-0490-4B46-BAFD-14C45D6E77CC}
		{0A66E772-2932-447F-B95A-3B159F8BF0D5} = {3DD9641A-8999-4363-9288-BC1DE735B8AE}
		{911801AF-0ADB-4F67-AEEE-D805BDAEF99E} = {3DD9641A-8999-4363-9288-BC1DE735B8AE}
		{95414E41-3D41-4D92-999B-9087386CEECC} = {3DD9641A-8999-4363-9288-BC1DE735B8AE}
		{74CFAE87-0F1E-4A22-8E9D-FD8F01A7156F} = {3DD9641A-8999-4363-9288-BC1DE735B8AE}
		{3D83CB87-3C5C-43AA-9A28-25CB33B278D3} = {A86C0ECD-A58A-4F0D-9B78-FB3FAA6C04D8}
		{28367E0B-E606-4ABD-8019-05B19002A0D9} = {A86C0ECD-A58A-4F0D-9B78-FB3FAA6C04D8}
		{0D32ECFC-F347-4D53-8715-8A18025210D7} = {A86C0ECD-A58A-4F0D-9B78-FB3FAA6C04D8}
		{CBBE5F39-DFD4-462E-85D0-49BB941D9020} = {A86C0ECD-A58A-4F0D-9B78-FB3FAA6C04D8}
		{DEFDFF44-4B30-4ECC-81C9-E91E7B2171EF} = {AFEFC25D-9A3F-4CE2-A40A-D6E5F0F62371}
	EndGlobalSection
	GlobalSection(ExtensibilityGlobals) = postSolution
		SolutionGuid = {139900F1-C3AE-407F-9277-2F97AFAE9119}
	EndGlobalSection
EndGlobal
